// !$*UTF8*$!
{
	archiveVersion = 1;
	classes = {
	};
	objectVersion = 50;
	objects = {

/* Begin PBXBuildFile section */
		2B8B772B207C63B30064F71F /* SecondViewController.swift in Sources */ = {isa = PBXBuildFile; fileRef = 2B8B772A207C63B30064F71F /* SecondViewController.swift */; };
		2BD9C06020747CA10032DAB0 /* AppDelegate.swift in Sources */ = {isa = PBXBuildFile; fileRef = 2BD9C05F20747CA10032DAB0 /* AppDelegate.swift */; };
		2BD9C06220747CA10032DAB0 /* ViewController.swift in Sources */ = {isa = PBXBuildFile; fileRef = 2BD9C06120747CA10032DAB0 /* ViewController.swift */; };
		2BD9C06520747CA10032DAB0 /* Main.storyboard in Resources */ = {isa = PBXBuildFile; fileRef = 2BD9C06320747CA10032DAB0 /* Main.storyboard */; };
		2BD9C06720747CA10032DAB0 /* Assets.xcassets in Resources */ = {isa = PBXBuildFile; fileRef = 2BD9C06620747CA10032DAB0 /* Assets.xcassets */; };
		2BD9C06A20747CA10032DAB0 /* LaunchScreen.storyboard in Resources */ = {isa = PBXBuildFile; fileRef = 2BD9C06820747CA10032DAB0 /* LaunchScreen.storyboard */; };
		2BD9C07520747CA10032DAB0 /* SwiftDemoTests.swift in Sources */ = {isa = PBXBuildFile; fileRef = 2BD9C07420747CA10032DAB0 /* SwiftDemoTests.swift */; };
		2BD9C08020747CA10032DAB0 /* SwiftDemoUITests.swift in Sources */ = {isa = PBXBuildFile; fileRef = 2BD9C07F20747CA10032DAB0 /* SwiftDemoUITests.swift */; };
/* End PBXBuildFile section */

/* Begin PBXContainerItemProxy section */
		2BD9C07120747CA10032DAB0 /* PBXContainerItemProxy */ = {
			isa = PBXContainerItemProxy;
			containerPortal = 2BD9C05420747CA10032DAB0 /* Project object */;
			proxyType = 1;
			remoteGlobalIDString = 2BD9C05B20747CA10032DAB0;
			remoteInfo = SwiftDemo;
		};
		2BD9C07C20747CA10032DAB0 /* PBXContainerItemProxy */ = {
			isa = PBXContainerItemProxy;
			containerPortal = 2BD9C05420747CA10032DAB0 /* Project object */;
			proxyType = 1;
			remoteGlobalIDString = 2BD9C05B20747CA10032DAB0;
			remoteInfo = SwiftDemo;
		};
/* End PBXContainerItemProxy section */

/* Begin PBXFileReference section */
		2B8B772A207C63B30064F71F /* SecondViewController.swift */ = {isa = PBXFileReference; lastKnownFileType = sourcecode.swift; path = SecondViewController.swift; sourceTree = "<group>"; };
		2BD9C05C20747CA10032DAB0 /* SwiftDemo.app */ = {isa = PBXFileReference; explicitFileType = wrapper.application; includeInIndex = 0; path = SwiftDemo.app; sourceTree = BUILT_PRODUCTS_DIR; };
		2BD9C05F20747CA10032DAB0 /* AppDelegate.swift */ = {isa = PBXFileReference; lastKnownFileType = sourcecode.swift; path = AppDelegate.swift; sourceTree = "<group>"; };
		2BD9C06120747CA10032DAB0 /* ViewController.swift */ = {isa = PBXFileReference; lastKnownFileType = sourcecode.swift; path = ViewController.swift; sourceTree = "<group>"; };
		2BD9C06420747CA10032DAB0 /* Base */ = {isa = PBXFileReference; lastKnownFileType = file.storyboard; name = Base; path = Base.lproj/Main.storyboard; sourceTree = "<group>"; };
		2BD9C06620747CA10032DAB0 /* Assets.xcassets */ = {isa = PBXFileReference; lastKnownFileType = folder.assetcatalog; path = Assets.xcassets; sourceTree = "<group>"; };
		2BD9C06920747CA10032DAB0 /* Base */ = {isa = PBXFileReference; lastKnownFileType = file.storyboard; name = Base; path = Base.lproj/LaunchScreen.storyboard; sourceTree = "<group>"; };
		2BD9C06B20747CA10032DAB0 /* Info.plist */ = {isa = PBXFileReference; lastKnownFileType = text.plist.xml; path = Info.plist; sourceTree = "<group>"; };
		2BD9C07020747CA10032DAB0 /* SwiftDemoTests.xctest */ = {isa = PBXFileReference; explicitFileType = wrapper.cfbundle; includeInIndex = 0; path = SwiftDemoTests.xctest; sourceTree = BUILT_PRODUCTS_DIR; };
		2BD9C07420747CA10032DAB0 /* SwiftDemoTests.swift */ = {isa = PBXFileReference; lastKnownFileType = sourcecode.swift; path = SwiftDemoTests.swift; sourceTree = "<group>"; };
		2BD9C07620747CA10032DAB0 /* Info.plist */ = {isa = PBXFileReference; lastKnownFileType = text.plist.xml; path = Info.plist; sourceTree = "<group>"; };
		2BD9C07B20747CA10032DAB0 /* SwiftDemoUITests.xctest */ = {isa = PBXFileReference; explicitFileType = wrapper.cfbundle; includeInIndex = 0; path = SwiftDemoUITests.xctest; sourceTree = BUILT_PRODUCTS_DIR; };
		2BD9C07F20747CA10032DAB0 /* SwiftDemoUITests.swift */ = {isa = PBXFileReference; lastKnownFileType = sourcecode.swift; path = SwiftDemoUITests.swift; sourceTree = "<group>"; };
		2BD9C08120747CA10032DAB0 /* Info.plist */ = {isa = PBXFileReference; lastKnownFileType = text.plist.xml; path = Info.plist; sourceTree = "<group>"; };
/* End PBXFileReference section */

/* Begin PBXFrameworksBuildPhase section */
		2BD9C05920747CA10032DAB0 /* Frameworks */ = {
			isa = PBXFrameworksBuildPhase;
			buildActionMask = 2147483647;
			files = (
			);
			runOnlyForDeploymentPostprocessing = 0;
		};
		2BD9C06D20747CA10032DAB0 /* Frameworks */ = {
			isa = PBXFrameworksBuildPhase;
			buildActionMask = 2147483647;
			files = (
			);
			runOnlyForDeploymentPostprocessing = 0;
		};
		2BD9C07820747CA10032DAB0 /* Frameworks */ = {
			isa = PBXFrameworksBuildPhase;
			buildActionMask = 2147483647;
			files = (
			);
			runOnlyForDeploymentPostprocessing = 0;
		};
/* End PBXFrameworksBuildPhase section */

/* Begin PBXGroup section */
		2BD9C05320747CA10032DAB0 = {
			isa = PBXGroup;
			children = (
				2BD9C05E20747CA10032DAB0 /* SwiftDemo */,
				2BD9C07320747CA10032DAB0 /* SwiftDemoTests */,
				2BD9C07E20747CA10032DAB0 /* SwiftDemoUITests */,
				2BD9C05D20747CA10032DAB0 /* Products */,
			);
			sourceTree = "<group>";
		};
		2BD9C05D20747CA10032DAB0 /* Products */ = {
			isa = PBXGroup;
			children = (
				2BD9C05C20747CA10032DAB0 /* SwiftDemo.app */,
				2BD9C07020747CA10032DAB0 /* SwiftDemoTests.xctest */,
				2BD9C07B20747CA10032DAB0 /* SwiftDemoUITests.xctest */,
			);
			name = Products;
			sourceTree = "<group>";
		};
		2BD9C05E20747CA10032DAB0 /* SwiftDemo */ = {
			isa = PBXGroup;
			children = (
				2BD9C05F20747CA10032DAB0 /* AppDelegate.swift */,
				2BD9C06120747CA10032DAB0 /* ViewController.swift */,
				2B8B772A207C63B30064F71F /* SecondViewController.swift */,
				2BD9C06320747CA10032DAB0 /* Main.storyboard */,
				2BD9C06620747CA10032DAB0 /* Assets.xcassets */,
				2BD9C06820747CA10032DAB0 /* LaunchScreen.storyboard */,
				2BD9C06B20747CA10032DAB0 /* Info.plist */,
			);
			path = SwiftDemo;
			sourceTree = "<group>";
		};
		2BD9C07320747CA10032DAB0 /* SwiftDemoTests */ = {
			isa = PBXGroup;
			children = (
				2BD9C07420747CA10032DAB0 /* SwiftDemoTests.swift */,
				2BD9C07620747CA10032DAB0 /* Info.plist */,
			);
			path = SwiftDemoTests;
			sourceTree = "<group>";
		};
		2BD9C07E20747CA10032DAB0 /* SwiftDemoUITests */ = {
			isa = PBXGroup;
			children = (
				2BD9C07F20747CA10032DAB0 /* SwiftDemoUITests.swift */,
				2BD9C08120747CA10032DAB0 /* Info.plist */,
			);
			path = SwiftDemoUITests;
			sourceTree = "<group>";
		};
/* End PBXGroup section */

/* Begin PBXNativeTarget section */
		2BD9C05B20747CA10032DAB0 /* SwiftDemo */ = {
			isa = PBXNativeTarget;
			buildConfigurationList = 2BD9C08420747CA10032DAB0 /* Build configuration list for PBXNativeTarget "SwiftDemo" */;
			buildPhases = (
				2BD9C05820747CA10032DAB0 /* Sources */,
				2BD9C05920747CA10032DAB0 /* Frameworks */,
				2BD9C05A20747CA10032DAB0 /* Resources */,
			);
			buildRules = (
			);
			dependencies = (
			);
			name = SwiftDemo;
			productName = SwiftDemo;
			productReference = 2BD9C05C20747CA10032DAB0 /* SwiftDemo.app */;
			productType = "com.apple.product-type.application";
		};
		2BD9C06F20747CA10032DAB0 /* SwiftDemoTests */ = {
			isa = PBXNativeTarget;
			buildConfigurationList = 2BD9C08720747CA10032DAB0 /* Build configuration list for PBXNativeTarget "SwiftDemoTests" */;
			buildPhases = (
				2BD9C06C20747CA10032DAB0 /* Sources */,
				2BD9C06D20747CA10032DAB0 /* Frameworks */,
				2BD9C06E20747CA10032DAB0 /* Resources */,
			);
			buildRules = (
			);
			dependencies = (
				2BD9C07220747CA10032DAB0 /* PBXTargetDependency */,
			);
			name = SwiftDemoTests;
			productName = SwiftDemoTests;
			productReference = 2BD9C07020747CA10032DAB0 /* SwiftDemoTests.xctest */;
			productType = "com.apple.product-type.bundle.unit-test";
		};
		2BD9C07A20747CA10032DAB0 /* SwiftDemoUITests */ = {
			isa = PBXNativeTarget;
			buildConfigurationList = 2BD9C08A20747CA10032DAB0 /* Build configuration list for PBXNativeTarget "SwiftDemoUITests" */;
			buildPhases = (
				2BD9C07720747CA10032DAB0 /* Sources */,
				2BD9C07820747CA10032DAB0 /* Frameworks */,
				2BD9C07920747CA10032DAB0 /* Resources */,
			);
			buildRules = (
			);
			dependencies = (
				2BD9C07D20747CA10032DAB0 /* PBXTargetDependency */,
			);
			name = SwiftDemoUITests;
			productName = SwiftDemoUITests;
			productReference = 2BD9C07B20747CA10032DAB0 /* SwiftDemoUITests.xctest */;
			productType = "com.apple.product-type.bundle.ui-testing";
		};
/* End PBXNativeTarget section */

/* Begin PBXProject section */
		2BD9C05420747CA10032DAB0 /* Project object */ = {
			isa = PBXProject;
			attributes = {
				LastSwiftUpdateCheck = 0930;
				LastUpgradeCheck = 0930;
				ORGANIZATIONNAME = lyons;
				TargetAttributes = {
					2BD9C05B20747CA10032DAB0 = {
						CreatedOnToolsVersion = 9.3;
						LastSwiftMigration = 0930;
					};
					2BD9C06F20747CA10032DAB0 = {
						CreatedOnToolsVersion = 9.3;
						TestTargetID = 2BD9C05B20747CA10032DAB0;
					};
					2BD9C07A20747CA10032DAB0 = {
						CreatedOnToolsVersion = 9.3;
						TestTargetID = 2BD9C05B20747CA10032DAB0;
					};
				};
			};
			buildConfigurationList = 2BD9C05720747CA10032DAB0 /* Build configuration list for PBXProject "SwiftDemo" */;
			compatibilityVersion = "Xcode 9.3";
			developmentRegion = en;
			hasScannedForEncodings = 0;
			knownRegions = (
				en,
				Base,
			);
			mainGroup = 2BD9C05320747CA10032DAB0;
			productRefGroup = 2BD9C05D20747CA10032DAB0 /* Products */;
			projectDirPath = "";
			projectRoot = "";
			targets = (
				2BD9C05B20747CA10032DAB0 /* SwiftDemo */,
				2BD9C06F20747CA10032DAB0 /* SwiftDemoTests */,
				2BD9C07A20747CA10032DAB0 /* SwiftDemoUITests */,
			);
		};
/* End PBXProject section */

/* Begin PBXResourcesBuildPhase section */
		2BD9C05A20747CA10032DAB0 /* Resources */ = {
			isa = PBXResourcesBuildPhase;
			buildActionMask = 2147483647;
			files = (
				2BD9C06A20747CA10032DAB0 /* LaunchScreen.storyboard in Resources */,
				2BD9C06720747CA10032DAB0 /* Assets.xcassets in Resources */,
				2BD9C06520747CA10032DAB0 /* Main.storyboard in Resources */,
			);
			runOnlyForDeploymentPostprocessing = 0;
		};
		2BD9C06E20747CA10032DAB0 /* Resources */ = {
			isa = PBXResourcesBuildPhase;
			buildActionMask = 2147483647;
			files = (
			);
			runOnlyForDeploymentPostprocessing = 0;
		};
		2BD9C07920747CA10032DAB0 /* Resources */ = {
			isa = PBXResourcesBuildPhase;
			buildActionMask = 2147483647;
			files = (
			);
			runOnlyForDeploymentPostprocessing = 0;
		};
/* End PBXResourcesBuildPhase section */

/* Begin PBXSourcesBuildPhase section */
		2BD9C05820747CA10032DAB0 /* Sources */ = {
			isa = PBXSourcesBuildPhase;
			buildActionMask = 2147483647;
			files = (
				2B8B772B207C63B30064F71F /* SecondViewController.swift in Sources */,
				2BD9C06220747CA10032DAB0 /* ViewController.swift in Sources */,
				2BD9C06020747CA10032DAB0 /* AppDelegate.swift in Sources */,
			);
			runOnlyForDeploymentPostprocessing = 0;
		};
		2BD9C06C20747CA10032DAB0 /* Sources */ = {
			isa = PBXSourcesBuildPhase;
			buildActionMask = 2147483647;
			files = (
				2BD9C07520747CA10032DAB0 /* SwiftDemoTests.swift in Sources */,
			);
			runOnlyForDeploymentPostprocessing = 0;
		};
		2BD9C07720747CA10032DAB0 /* Sources */ = {
			isa = PBXSourcesBuildPhase;
			buildActionMask = 2147483647;
			files = (
				2BD9C08020747CA10032DAB0 /* SwiftDemoUITests.swift in Sources */,
			);
			runOnlyForDeploymentPostprocessing = 0;
		};
/* End PBXSourcesBuildPhase section */

/* Begin PBXTargetDependency section */
		2BD9C07220747CA10032DAB0 /* PBXTargetDependency */ = {
			isa = PBXTargetDependency;
			target = 2BD9C05B20747CA10032DAB0 /* SwiftDemo */;
			targetProxy = 2BD9C07120747CA10032DAB0 /* PBXContainerItemProxy */;
		};
		2BD9C07D20747CA10032DAB0 /* PBXTargetDependency */ = {
			isa = PBXTargetDependency;
			target = 2BD9C05B20747CA10032DAB0 /* SwiftDemo */;
			targetProxy = 2BD9C07C20747CA10032DAB0 /* PBXContainerItemProxy */;
		};
/* End PBXTargetDependency section */

/* Begin PBXVariantGroup section */
		2BD9C06320747CA10032DAB0 /* Main.storyboard */ = {
			isa = PBXVariantGroup;
			children = (
				2BD9C06420747CA10032DAB0 /* Base */,
			);
			name = Main.storyboard;
			sourceTree = "<group>";
		};
		2BD9C06820747CA10032DAB0 /* LaunchScreen.storyboard */ = {
			isa = PBXVariantGroup;
			children = (
				2BD9C06920747CA10032DAB0 /* Base */,
			);
			name = LaunchScreen.storyboard;
			sourceTree = "<group>";
		};
/* End PBXVariantGroup section */

/* Begin XCBuildConfiguration section */
		2BD9C08220747CA10032DAB0 /* Debug */ = {
			isa = XCBuildConfiguration;
			buildSettings = {
				ALWAYS_SEARCH_USER_PATHS = NO;
				CLANG_ANALYZER_NONNULL = YES;
				CLANG_ANALYZER_NUMBER_OBJECT_CONVERSION = YES_AGGRESSIVE;
				CLANG_CXX_LANGUAGE_STANDARD = "gnu++14";
				CLANG_CXX_LIBRARY = "libc++";
				CLANG_ENABLE_MODULES = YES;
				CLANG_ENABLE_OBJC_ARC = YES;
				CLANG_ENABLE_OBJC_WEAK = YES;
				CLANG_WARN_BLOCK_CAPTURE_AUTORELEASING = YES;
				CLANG_WARN_BOOL_CONVERSION = YES;
				CLANG_WARN_COMMA = YES;
				CLANG_WARN_CONSTANT_CONVERSION = YES;
				CLANG_WARN_DEPRECATED_OBJC_IMPLEMENTATIONS = YES;
				CLANG_WARN_DIRECT_OBJC_ISA_USAGE = YES_ERROR;
				CLANG_WARN_DOCUMENTATION_COMMENTS = YES;
				CLANG_WARN_EMPTY_BODY = YES;
				CLANG_WARN_ENUM_CONVERSION = YES;
				CLANG_WARN_INFINITE_RECURSION = YES;
				CLANG_WARN_INT_CONVERSION = YES;
				CLANG_WARN_NON_LITERAL_NULL_CONVERSION = YES;
				CLANG_WARN_OBJC_IMPLICIT_RETAIN_SELF = YES;
				CLANG_WARN_OBJC_LITERAL_CONVERSION = YES;
				CLANG_WARN_OBJC_ROOT_CLASS = YES_ERROR;
				CLANG_WARN_RANGE_LOOP_ANALYSIS = YES;
				CLANG_WARN_STRICT_PROTOTYPES = YES;
				CLANG_WARN_SUSPICIOUS_MOVE = YES;
				CLANG_WARN_UNGUARDED_AVAILABILITY = YES_AGGRESSIVE;
				CLANG_WARN_UNREACHABLE_CODE = YES;
				CLANG_WARN__DUPLICATE_METHOD_MATCH = YES;
				CODE_SIGN_IDENTITY = "iPhone Developer";
				COPY_PHASE_STRIP = NO;
				DEBUG_INFORMATION_FORMAT = dwarf;
				ENABLE_STRICT_OBJC_MSGSEND = YES;
				ENABLE_TESTABILITY = YES;
				GCC_C_LANGUAGE_STANDARD = gnu11;
				GCC_DYNAMIC_NO_PIC = NO;
				GCC_NO_COMMON_BLOCKS = YES;
				GCC_OPTIMIZATION_LEVEL = 0;
				GCC_PREPROCESSOR_DEFINITIONS = (
					"DEBUG=1",
					"$(inherited)",
				);
				GCC_WARN_64_TO_32_BIT_CONVERSION = YES;
				GCC_WARN_ABOUT_RETURN_TYPE = YES_ERROR;
				GCC_WARN_UNDECLARED_SELECTOR = YES;
				GCC_WARN_UNINITIALIZED_AUTOS = YES_AGGRESSIVE;
				GCC_WARN_UNUSED_FUNCTION = YES;
				GCC_WARN_UNUSED_VARIABLE = YES;
				IPHONEOS_DEPLOYMENT_TARGET = 11.3;
				MTL_ENABLE_DEBUG_INFO = YES;
				ONLY_ACTIVE_ARCH = YES;
				SDKROOT = iphoneos;
				SWIFT_ACTIVE_COMPILATION_CONDITIONS = DEBUG;
				SWIFT_OPTIMIZATION_LEVEL = "-Onone";
			};
			name = Debug;
		};
		2BD9C08320747CA10032DAB0 /* Release */ = {
			isa = XCBuildConfiguration;
			buildSettings = {
				ALWAYS_SEARCH_USER_PATHS = NO;
				CLANG_ANALYZER_NONNULL = YES;
				CLANG_ANALYZER_NUMBER_OBJECT_CONVERSION = YES_AGGRESSIVE;
				CLANG_CXX_LANGUAGE_STANDARD = "gnu++14";
				CLANG_CXX_LIBRARY = "libc++";
				CLANG_ENABLE_MODULES = YES;
				CLANG_ENABLE_OBJC_ARC = YES;
				CLANG_ENABLE_OBJC_WEAK = YES;
				CLANG_WARN_BLOCK_CAPTURE_AUTORELEASING = YES;
				CLANG_WARN_BOOL_CONVERSION = YES;
				CLANG_WARN_COMMA = YES;
				CLANG_WARN_CONSTANT_CONVERSION = YES;
				CLANG_WARN_DEPRECATED_OBJC_IMPLEMENTATIONS = YES;
				CLANG_WARN_DIRECT_OBJC_ISA_USAGE = YES_ERROR;
				CLANG_WARN_DOCUMENTATION_COMMENTS = YES;
				CLANG_WARN_EMPTY_BODY = YES;
				CLANG_WARN_ENUM_CONVERSION = YES;
				CLANG_WARN_INFINITE_RECURSION = YES;
				CLANG_WARN_INT_CONVERSION = YES;
				CLANG_WARN_NON_LITERAL_NULL_CONVERSION = YES;
				CLANG_WARN_OBJC_IMPLICIT_RETAIN_SELF = YES;
				CLANG_WARN_OBJC_LITERAL_CONVERSION = YES;
				CLANG_WARN_OBJC_ROOT_CLASS = YES_ERROR;
				CLANG_WARN_RANGE_LOOP_ANALYSIS = YES;
				CLANG_WARN_STRICT_PROTOTYPES = YES;
				CLANG_WARN_SUSPICIOUS_MOVE = YES;
				CLANG_WARN_UNGUARDED_AVAILABILITY = YES_AGGRESSIVE;
				CLANG_WARN_UNREACHABLE_CODE = YES;
				CLANG_WARN__DUPLICATE_METHOD_MATCH = YES;
				CODE_SIGN_IDENTITY = "iPhone Developer";
				COPY_PHASE_STRIP = NO;
				DEBUG_INFORMATION_FORMAT = "dwarf-with-dsym";
				ENABLE_NS_ASSERTIONS = NO;
				ENABLE_STRICT_OBJC_MSGSEND = YES;
				GCC_C_LANGUAGE_STANDARD = gnu11;
				GCC_NO_COMMON_BLOCKS = YES;
				GCC_WARN_64_TO_32_BIT_CONVERSION = YES;
				GCC_WARN_ABOUT_RETURN_TYPE = YES_ERROR;
				GCC_WARN_UNDECLARED_SELECTOR = YES;
				GCC_WARN_UNINITIALIZED_AUTOS = YES_AGGRESSIVE;
				GCC_WARN_UNUSED_FUNCTION = YES;
				GCC_WARN_UNUSED_VARIABLE = YES;
				IPHONEOS_DEPLOYMENT_TARGET = 11.3;
				MTL_ENABLE_DEBUG_INFO = NO;
				SDKROOT = iphoneos;
				SWIFT_COMPILATION_MODE = wholemodule;
				SWIFT_OPTIMIZATION_LEVEL = "-O";
				VALIDATE_PRODUCT = YES;
			};
			name = Release;
		};
		2BD9C08520747CA10032DAB0 /* Debug */ = {
			isa = XCBuildConfiguration;
			buildSettings = {
				ASSETCATALOG_COMPILER_APPICON_NAME = AppIcon;
				CLANG_ENABLE_MODULES = YES;
				CODE_SIGN_STYLE = Automatic;
				DEVELOPMENT_TEAM = 79MZ7A623K;
				INFOPLIST_FILE = SwiftDemo/Info.plist;
				IPHONEOS_DEPLOYMENT_TARGET = 9.0;
				LD_RUNPATH_SEARCH_PATHS = (
					"$(inherited)",
					"@executable_path/Frameworks",
				);
				PRODUCT_BUNDLE_IDENTIFIER = com.lyons.SwiftDemo;
				PRODUCT_NAME = "$(TARGET_NAME)";
				SWIFT_OBJC_BRIDGING_HEADER = "";
				SWIFT_OPTIMIZATION_LEVEL = "-Onone";
				SWIFT_VERSION = 4.0;
				TARGETED_DEVICE_FAMILY = "1,2";
			};
			name = Debug;
		};
		2BD9C08620747CA10032DAB0 /* Release */ = {
			isa = XCBuildConfiguration;
			buildSettings = {
				ASSETCATALOG_COMPILER_APPICON_NAME = AppIcon;
				CLANG_ENABLE_MODULES = YES;
				CODE_SIGN_STYLE = Automatic;
				DEVELOPMENT_TEAM = 79MZ7A623K;
				INFOPLIST_FILE = SwiftDemo/Info.plist;
				IPHONEOS_DEPLOYMENT_TARGET = 9.0;
				LD_RUNPATH_SEARCH_PATHS = (
					"$(inherited)",
					"@executable_path/Frameworks",
				);
				PRODUCT_BUNDLE_IDENTIFIER = com.lyons.SwiftDemo;
				PRODUCT_NAME = "$(TARGET_NAME)";
				SWIFT_OBJC_BRIDGING_HEADER = "";
				SWIFT_VERSION = 4.0;
				TARGETED_DEVICE_FAMILY = "1,2";
			};
			name = Release;
		};
		2BD9C08820747CA10032DAB0 /* Debug */ = {
			isa = XCBuildConfiguration;
			buildSettings = {
				ALWAYS_EMBED_SWIFT_STANDARD_LIBRARIES = YES;
				BUNDLE_LOADER = "$(TEST_HOST)";
				CODE_SIGN_STYLE = Automatic;
				INFOPLIST_FILE = SwiftDemoTests/Info.plist;
				LD_RUNPATH_SEARCH_PATHS = (
					"$(inherited)",
					"@executable_path/Frameworks",
					"@loader_path/Frameworks",
				);
				PRODUCT_BUNDLE_IDENTIFIER = com.lyons.SwiftDemoTests;
				PRODUCT_NAME = "$(TARGET_NAME)";
				SWIFT_VERSION = 4.0;
				TARGETED_DEVICE_FAMILY = "1,2";
				TEST_HOST = "$(BUILT_PRODUCTS_DIR)/SwiftDemo.app/SwiftDemo";
			};
			name = Debug;
		};
		2BD9C08920747CA10032DAB0 /* Release */ = {
			isa = XCBuildConfiguration;
			buildSettings = {
				ALWAYS_EMBED_SWIFT_STANDARD_LIBRARIES = YES;
				BUNDLE_LOADER = "$(TEST_HOST)";
				CODE_SIGN_STYLE = Automatic;
				INFOPLIST_FILE = SwiftDemoTests/Info.plist;
				LD_RUNPATH_SEARCH_PATHS = (
					"$(inherited)",
					"@executable_path/Frameworks",
					"@loader_path/Frameworks",
				);
				PRODUCT_BUNDLE_IDENTIFIER = com.lyons.SwiftDemoTests;
				PRODUCT_NAME = "$(TARGET_NAME)";
				SWIFT_VERSION = 4.0;
				TARGETED_DEVICE_FAMILY = "1,2";
				TEST_HOST = "$(BUILT_PRODUCTS_DIR)/SwiftDemo.app/SwiftDemo";
			};
			name = Release;
		};
		2BD9C08B20747CA10032DAB0 /* Debug */ = {
			isa = XCBuildConfiguration;
			buildSettings = {
				ALWAYS_EMBED_SWIFT_STANDARD_LIBRARIES = YES;
				CODE_SIGN_STYLE = Automatic;
				INFOPLIST_FILE = SwiftDemoUITests/Info.plist;
				LD_RUNPATH_SEARCH_PATHS = (
					"$(inherited)",
					"@executable_path/Frameworks",
					"@loader_path/Frameworks",
				);
				PRODUCT_BUNDLE_IDENTIFIER = com.lyons.SwiftDemoUITests;
				PRODUCT_NAME = "$(TARGET_NAME)";
				SWIFT_VERSION = 4.0;
				TARGETED_DEVICE_FAMILY = "1,2";
				TEST_TARGET_NAME = SwiftDemo;
			};
			name = Debug;
		};
		2BD9C08C20747CA10032DAB0 /* Release */ = {
			isa = XCBuildConfiguration;
			buildSettings = {
				ALWAYS_EMBED_SWIFT_STANDARD_LIBRARIES = YES;
				CODE_SIGN_STYLE = Automatic;
				INFOPLIST_FILE = SwiftDemoUITests/Info.plist;
				LD_RUNPATH_SEARCH_PATHS = (
					"$(inherited)",
					"@executable_path/Frameworks",
					"@loader_path/Frameworks",
				);
				PRODUCT_BUNDLE_IDENTIFIER = com.lyons.SwiftDemoUITests;
				PRODUCT_NAME = "$(TARGET_NAME)";
				SWIFT_VERSION = 4.0;
				TARGETED_DEVICE_FAMILY = "1,2";
				TEST_TARGET_NAME = SwiftDemo;
			};
			name = Release;
		};
/* End XCBuildConfiguration section */

/* Begin XCConfigurationList section */
		2BD9C05720747CA10032DAB0 /* Build configuration list for PBXProject "SwiftDemo" */ = {
			isa = XCConfigurationList;
			buildConfigurations = (
				2BD9C08220747CA10032DAB0 /* Debug */,
				2BD9C08320747CA10032DAB0 /* Release */,
			);
			defaultConfigurationIsVisible = 0;
			defaultConfigurationName = Release;
		};
		2BD9C08420747CA10032DAB0 /* Build configuration list for PBXNativeTarget "SwiftDemo" */ = {
			isa = XCConfigurationList;
			buildConfigurations = (
				2BD9C08520747CA10032DAB0 /* Debug */,
				2BD9C08620747CA10032DAB0 /* Release */,
			);
			defaultConfigurationIsVisible = 0;
			defaultConfigurationName = Release;
		};
		2BD9C08720747CA10032DAB0 /* Build configuration list for PBXNativeTarget "SwiftDemoTests" */ = {
			isa = XCConfigurationList;
			buildConfigurations = (
				2BD9C08820747CA10032DAB0 /* Debug */,
				2BD9C08920747CA10032DAB0 /* Release */,
			);
			defaultConfigurationIsVisible = 0;
			defaultConfigurationName = Release;
		};
		2BD9C08A20747CA10032DAB0 /* Build configuration list for PBXNativeTarget "SwiftDemoUITests" */ = {
			isa = XCConfigurationList;
			buildConfigurations = (
				2BD9C08B20747CA10032DAB0 /* Debug */,
				2BD9C08C20747CA10032DAB0 /* Release */,
			);
			defaultConfigurationIsVisible = 0;
			defaultConfigurationName = Release;
		};
/* End XCConfigurationList section */
	};
	rootObject = 2BD9C05420747CA10032DAB0 /* Project object */;
}
